// !$*UTF8*$!
{
	archiveVersion = 1;
	classes = {
	};
	objectVersion = 55;
	objects = {

/* Begin PBXBuildFile section */
		A1B0092A288C516B006FD7A6 /* AttendanceApp.swift in Sources */ = {isa = PBXBuildFile; fileRef = A1B00929288C516B006FD7A6 /* AttendanceApp.swift */; };
		A1B0092C288C516B006FD7A6 /* ContentView.swift in Sources */ = {isa = PBXBuildFile; fileRef = A1B0092B288C516B006FD7A6 /* ContentView.swift */; };
		A1B0092E288C516C006FD7A6 /* Assets.xcassets in Resources */ = {isa = PBXBuildFile; fileRef = A1B0092D288C516C006FD7A6 /* Assets.xcassets */; };
		A1B00931288C516C006FD7A6 /* Preview Assets.xcassets in Resources */ = {isa = PBXBuildFile; fileRef = A1B00930288C516C006FD7A6 /* Preview Assets.xcassets */; };
		A1B00933288C516C006FD7A6 /* Persistence.swift in Sources */ = {isa = PBXBuildFile; fileRef = A1B00932288C516C006FD7A6 /* Persistence.swift */; };
		A1B00936288C516C006FD7A6 /* Attendance.xcdatamodeld in Sources */ = {isa = PBXBuildFile; fileRef = A1B00934288C516C006FD7A6 /* Attendance.xcdatamodeld */; };
		A1B0093D288C5322006FD7A6 /* Attendance.swift in Sources */ = {isa = PBXBuildFile; fileRef = A1B0093C288C5322006FD7A6 /* Attendance.swift */; };
		A1B0093F288C53BD006FD7A6 /* AttendanceViewModel.swift in Sources */ = {isa = PBXBuildFile; fileRef = A1B0093E288C53BD006FD7A6 /* AttendanceViewModel.swift */; };
		A1B00941288C5485006FD7A6 /* AttendanceService.swift in Sources */ = {isa = PBXBuildFile; fileRef = A1B00940288C5485006FD7A6 /* AttendanceService.swift */; };
		A1B0094C288C5589006FD7A6 /* AttendanceTests.swift in Sources */ = {isa = PBXBuildFile; fileRef = A1B0094B288C5589006FD7A6 /* AttendanceTests.swift */; };
/* End PBXBuildFile section */

/* Begin PBXContainerItemProxy section */
		A1B0094D288C5589006FD7A6 /* PBXContainerItemProxy */ = {
			isa = PBXContainerItemProxy;
			containerPortal = A1B0091E288C516B006FD7A6 /* Project object */;
			proxyType = 1;
			remoteGlobalIDString = A1B00925288C516B006FD7A6;
			remoteInfo = Attendance;
		};
/* End PBXContainerItemProxy section */

/* Begin PBXFileReference section */
		A1B00926288C516B006FD7A6 /* Attendance.app */ = {isa = PBXFileReference; explicitFileType = wrapper.application; includeInIndex = 0; path = Attendance.app; sourceTree = BUILT_PRODUCTS_DIR; };
		A1B00929288C516B006FD7A6 /* AttendanceApp.swift */ = {isa = PBXFileReference; lastKnownFileType = sourcecode.swift; path = AttendanceApp.swift; sourceTree = "<group>"; };
		A1B0092B288C516B006FD7A6 /* ContentView.swift */ = {isa = PBXFileReference; lastKnownFileType = sourcecode.swift; path = ContentView.swift; sourceTree = "<group>"; };
		A1B0092D288C516C006FD7A6 /* Assets.xcassets */ = {isa = PBXFileReference; lastKnownFileType = folder.assetcatalog; path = Assets.xcassets; sourceTree = "<group>"; };
		A1B00930288C516C006FD7A6 /* Preview Assets.xcassets */ = {isa = PBXFileReference; lastKnownFileType = folder.assetcatalog; path = "Preview Assets.xcassets"; sourceTree = "<group>"; };
		A1B00932288C516C006FD7A6 /* Persistence.swift */ = {isa = PBXFileReference; lastKnownFileType = sourcecode.swift; path = Persistence.swift; sourceTree = "<group>"; };
		A1B00935288C516C006FD7A6 /* Attendance.xcdatamodel */ = {isa = PBXFileReference; lastKnownFileType = wrapper.xcdatamodel; path = Attendance.xcdatamodel; sourceTree = "<group>"; };
		A1B0093C288C5322006FD7A6 /* Attendance.swift */ = {isa = PBXFileReference; lastKnownFileType = sourcecode.swift; path = Attendance.swift; sourceTree = "<group>"; };
		A1B0093E288C53BD006FD7A6 /* AttendanceViewModel.swift */ = {isa = PBXFileReference; lastKnownFileType = sourcecode.swift; path = AttendanceViewModel.swift; sourceTree = "<group>"; };
		A1B00940288C5485006FD7A6 /* AttendanceService.swift */ = {isa = PBXFileReference; lastKnownFileType = sourcecode.swift; path = AttendanceService.swift; sourceTree = "<group>"; };
		A1B00949288C5589006FD7A6 /* AttendanceTests.xctest */ = {isa = PBXFileReference; explicitFileType = wrapper.cfbundle; includeInIndex = 0; path = AttendanceTests.xctest; sourceTree = BUILT_PRODUCTS_DIR; };
		A1B0094B288C5589006FD7A6 /* AttendanceTests.swift */ = {isa = PBXFileReference; lastKnownFileType = sourcecode.swift; path = AttendanceTests.swift; sourceTree = "<group>"; };
/* End PBXFileReference section */

/* Begin PBXFrameworksBuildPhase section */
		A1B00923288C516B006FD7A6 /* Frameworks */ = {
			isa = PBXFrameworksBuildPhase;
			buildActionMask = 2147483647;
			files = (
			);
			runOnlyForDeploymentPostprocessing = 0;
		};
		A1B00946288C5589006FD7A6 /* Frameworks */ = {
			isa = PBXFrameworksBuildPhase;
			buildActionMask = 2147483647;
			files = (
			);
			runOnlyForDeploymentPostprocessing = 0;
		};
/* End PBXFrameworksBuildPhase section */

/* Begin PBXGroup section */
		A1B0091D288C516B006FD7A6 = {
			isa = PBXGroup;
			children = (
				A1B00928288C516B006FD7A6 /* Attendance */,
				A1B0094A288C5589006FD7A6 /* AttendanceTests */,
				A1B00927288C516B006FD7A6 /* Products */,
			);
			sourceTree = "<group>";
		};
		A1B00927288C516B006FD7A6 /* Products */ = {
			isa = PBXGroup;
			children = (
				A1B00926288C516B006FD7A6 /* Attendance.app */,
				A1B00949288C5589006FD7A6 /* AttendanceTests.xctest */,
			);
			name = Products;
			sourceTree = "<group>";
		};
		A1B00928288C516B006FD7A6 /* Attendance */ = {
			isa = PBXGroup;
			children = (
				A1B00929288C516B006FD7A6 /* AttendanceApp.swift */,
				A1B0092B288C516B006FD7A6 /* ContentView.swift */,
				A1B0093C288C5322006FD7A6 /* Attendance.swift */,
				A1B0093E288C53BD006FD7A6 /* AttendanceViewModel.swift */,
				A1B00940288C5485006FD7A6 /* AttendanceService.swift */,
				A1B0092D288C516C006FD7A6 /* Assets.xcassets */,
				A1B00932288C516C006FD7A6 /* Persistence.swift */,
				A1B00934288C516C006FD7A6 /* Attendance.xcdatamodeld */,
				A1B0092F288C516C006FD7A6 /* Preview Content */,
			);
			path = Attendance;
			sourceTree = "<group>";
		};
		A1B0092F288C516C006FD7A6 /* Preview Content */ = {
			isa = PBXGroup;
			children = (
				A1B00930288C516C006FD7A6 /* Preview Assets.xcassets */,
			);
			path = "Preview Content";
			sourceTree = "<group>";
		};
		A1B0094A288C5589006FD7A6 /* AttendanceTests */ = {
			isa = PBXGroup;
			children = (
				A1B0094B288C5589006FD7A6 /* AttendanceTests.swift */,
			);
			path = AttendanceTests;
			sourceTree = "<group>";
		};
/* End PBXGroup section */

/* Begin PBXNativeTarget section */
		A1B00925288C516B006FD7A6 /* Attendance */ = {
			isa = PBXNativeTarget;
			buildConfigurationList = A1B00939288C516C006FD7A6 /* Build configuration list for PBXNativeTarget "Attendance" */;
			buildPhases = (
				A1B00922288C516B006FD7A6 /* Sources */,
				A1B00923288C516B006FD7A6 /* Frameworks */,
				A1B00924288C516B006FD7A6 /* Resources */,
			);
			buildRules = (
			);
			dependencies = (
			);
			name = Attendance;
			productName = Attendance;
			productReference = A1B00926288C516B006FD7A6 /* Attendance.app */;
			productType = "com.apple.product-type.application";
		};
		A1B00948288C5589006FD7A6 /* AttendanceTests */ = {
			isa = PBXNativeTarget;
			buildConfigurationList = A1B0094F288C5589006FD7A6 /* Build configuration list for PBXNativeTarget "AttendanceTests" */;
			buildPhases = (
				A1B00945288C5589006FD7A6 /* Sources */,
				A1B00946288C5589006FD7A6 /* Frameworks */,
				A1B00947288C5589006FD7A6 /* Resources */,
			);
			buildRules = (
			);
			dependencies = (
				A1B0094E288C5589006FD7A6 /* PBXTargetDependency */,
			);
			name = AttendanceTests;
			productName = AttendanceTests;
			productReference = A1B00949288C5589006FD7A6 /* AttendanceTests.xctest */;
			productType = "com.apple.product-type.bundle.unit-test";
		};
/* End PBXNativeTarget section */

/* Begin PBXProject section */
		A1B0091E288C516B006FD7A6 /* Project object */ = {
			isa = PBXProject;
			attributes = {
				BuildIndependentTargetsInParallel = 1;
				LastSwiftUpdateCheck = 1340;
				LastUpgradeCheck = 1340;
				TargetAttributes = {
					A1B00925288C516B006FD7A6 = {
						CreatedOnToolsVersion = 13.4.1;
					};
					A1B00948288C5589006FD7A6 = {
						CreatedOnToolsVersion = 13.4.1;
						TestTargetID = A1B00925288C516B006FD7A6;
					};
				};
			};
			buildConfigurationList = A1B00921288C516B006FD7A6 /* Build configuration list for PBXProject "Attendance" */;
			compatibilityVersion = "Xcode 13.0";
			developmentRegion = en;
			hasScannedForEncodings = 0;
			knownRegions = (
				en,
				Base,
			);
			mainGroup = A1B0091D288C516B006FD7A6;
			productRefGroup = A1B00927288C516B006FD7A6 /* Products */;
			projectDirPath = "";
			projectRoot = "";
			targets = (
				A1B00925288C516B006FD7A6 /* Attendance */,
				A1B00948288C5589006FD7A6 /* AttendanceTests */,
			);
		};
/* End PBXProject section */

/* Begin PBXResourcesBuildPhase section */
		A1B00924288C516B006FD7A6 /* Resources */ = {
			isa = PBXResourcesBuildPhase;
			buildActionMask = 2147483647;
			files = (
				A1B00931288C516C006FD7A6 /* Preview Assets.xcassets in Resources */,
				A1B0092E288C516C006FD7A6 /* Assets.xcassets in Resources */,
			);
			runOnlyForDeploymentPostprocessing = 0;
		};
		A1B00947288C5589006FD7A6 /* Resources */ = {
			isa = PBXResourcesBuildPhase;
			buildActionMask = 2147483647;
			files = (
			);
			runOnlyForDeploymentPostprocessing = 0;
		};
/* End PBXResourcesBuildPhase section */

/* Begin PBXSourcesBuildPhase section */
		A1B00922288C516B006FD7A6 /* Sources */ = {
			isa = PBXSourcesBuildPhase;
			buildActionMask = 2147483647;
			files = (
				A1B00933288C516C006FD7A6 /* Persistence.swift in Sources */,
				A1B0093F288C53BD006FD7A6 /* AttendanceViewModel.swift in Sources */,
				A1B0092C288C516B006FD7A6 /* ContentView.swift in Sources */,
				A1B00941288C5485006FD7A6 /* AttendanceService.swift in Sources */,
				A1B00936288C516C006FD7A6 /* Attendance.xcdatamodeld in Sources */,
				A1B0092A288C516B006FD7A6 /* AttendanceApp.swift in Sources */,
				A1B0093D288C5322006FD7A6 /* Attendance.swift in Sources */,
			);
			runOnlyForDeploymentPostprocessing = 0;
		};
		A1B00945288C5589006FD7A6 /* Sources */ = {
			isa = PBXSourcesBuildPhase;
			buildActionMask = 2147483647;
			files = (
				A1B0094C288C5589006FD7A6 /* AttendanceTests.swift in Sources */,
			);
			runOnlyForDeploymentPostprocessing = 0;
		};
/* End PBXSourcesBuildPhase section */

/* Begin PBXTargetDependency section */
		A1B0094E288C5589006FD7A6 /* PBXTargetDependency */ = {
			isa = PBXTargetDependency;
			target = A1B00925288C516B006FD7A6 /* Attendance */;
			targetProxy = A1B0094D288C5589006FD7A6 /* PBXContainerItemProxy */;
		};
/* End PBXTargetDependency section */

/* Begin XCBuildConfiguration section */
		A1B00937288C516C006FD7A6 /* Debug */ = {
			isa = XCBuildConfiguration;
			buildSettings = {
				ALWAYS_SEARCH_USER_PATHS = NO;
				CLANG_ANALYZER_NONNULL = YES;
				CLANG_ANALYZER_NUMBER_OBJECT_CONVERSION = YES_AGGRESSIVE;
				CLANG_CXX_LANGUAGE_STANDARD = "gnu++17";
				CLANG_ENABLE_MODULES = YES;
				CLANG_ENABLE_OBJC_ARC = YES;
				CLANG_ENABLE_OBJC_WEAK = YES;
				CLANG_WARN_BLOCK_CAPTURE_AUTORELEASING = YES;
				CLANG_WARN_BOOL_CONVERSION = YES;
				CLANG_WARN_COMMA = YES;
				CLANG_WARN_CONSTANT_CONVERSION = YES;
				CLANG_WARN_DEPRECATED_OBJC_IMPLEMENTATIONS = YES;
				CLANG_WARN_DIRECT_OBJC_ISA_USAGE = YES_ERROR;
				CLANG_WARN_DOCUMENTATION_COMMENTS = YES;
				CLANG_WARN_EMPTY_BODY = YES;
				CLANG_WARN_ENUM_CONVERSION = YES;
				CLANG_WARN_INFINITE_RECURSION = YES;
				CLANG_WARN_INT_CONVERSION = YES;
				CLANG_WARN_NON_LITERAL_NULL_CONVERSION = YES;
				CLANG_WARN_OBJC_IMPLICIT_RETAIN_SELF = YES;
				CLANG_WARN_OBJC_LITERAL_CONVERSION = YES;
				CLANG_WARN_OBJC_ROOT_CLASS = YES_ERROR;
				CLANG_WARN_QUOTED_INCLUDE_IN_FRAMEWORK_HEADER = YES;
				CLANG_WARN_RANGE_LOOP_ANALYSIS = YES;
				CLANG_WARN_STRICT_PROTOTYPES = YES;
				CLANG_WARN_SUSPICIOUS_MOVE = YES;
				CLANG_WARN_UNGUARDED_AVAILABILITY = YES_AGGRESSIVE;
				CLANG_WARN_UNREACHABLE_CODE = YES;
				CLANG_WARN__DUPLICATE_METHOD_MATCH = YES;
				COPY_PHASE_STRIP = NO;
				DEBUG_INFORMATION_FORMAT = dwarf;
				ENABLE_STRICT_OBJC_MSGSEND = YES;
				ENABLE_TESTABILITY = YES;
				GCC_C_LANGUAGE_STANDARD = gnu11;
				GCC_DYNAMIC_NO_PIC = NO;
				GCC_NO_COMMON_BLOCKS = YES;
				GCC_OPTIMIZATION_LEVEL = 0;
				GCC_PREPROCESSOR_DEFINITIONS = (
					"DEBUG=1",
					"$(inherited)",
				);
				GCC_WARN_64_TO_32_BIT_CONVERSION = YES;
				GCC_WARN_ABOUT_RETURN_TYPE = YES_ERROR;
				GCC_WARN_UNDECLARED_SELECTOR = YES;
				GCC_WARN_UNINITIALIZED_AUTOS = YES_AGGRESSIVE;
				GCC_WARN_UNUSED_FUNCTION = YES;
				GCC_WARN_UNUSED_VARIABLE = YES;
				IPHONEOS_DEPLOYMENT_TARGET = 15.5;
				MTL_ENABLE_DEBUG_INFO = INCLUDE_SOURCE;
				MTL_FAST_MATH = YES;
				ONLY_ACTIVE_ARCH = YES;
				SDKROOT = iphoneos;
				SWIFT_ACTIVE_COMPILATION_CONDITIONS = DEBUG;
				SWIFT_OPTIMIZATION_LEVEL = "-Onone";
			};
			name = Debug;
		};
		A1B00938288C516C006FD7A6 /* Release */ = {
			isa = XCBuildConfiguration;
			buildSettings = {
				ALWAYS_SEARCH_USER_PATHS = NO;
				CLANG_ANALYZER_NONNULL = YES;
				CLANG_ANALYZER_NUMBER_OBJECT_CONVERSION = YES_AGGRESSIVE;
				CLANG_CXX_LANGUAGE_STANDARD = "gnu++17";
				CLANG_ENABLE_MODULES = YES;
				CLANG_ENABLE_OBJC_ARC = YES;
				CLANG_ENABLE_OBJC_WEAK = YES;
				CLANG_WARN_BLOCK_CAPTURE_AUTORELEASING = YES;
				CLANG_WARN_BOOL_CONVERSION = YES;
				CLANG_WARN_COMMA = YES;
				CLANG_WARN_CONSTANT_CONVERSION = YES;
				CLANG_WARN_DEPRECATED_OBJC_IMPLEMENTATIONS = YES;
				CLANG_WARN_DIRECT_OBJC_ISA_USAGE = YES_ERROR;
				CLANG_WARN_DOCUMENTATION_COMMENTS = YES;
				CLANG_WARN_EMPTY_BODY = YES;
				CLANG_WARN_ENUM_CONVERSION = YES;
				CLANG_WARN_INFINITE_RECURSION = YES;
				CLANG_WARN_INT_CONVERSION = YES;
				CLANG_WARN_NON_LITERAL_NULL_CONVERSION = YES;
				CLANG_WARN_OBJC_IMPLICIT_RETAIN_SELF = YES;
				CLANG_WARN_OBJC_LITERAL_CONVERSION = YES;
				CLANG_WARN_OBJC_ROOT_CLASS = YES_ERROR;
				CLANG_WARN_QUOTED_INCLUDE_IN_FRAMEWORK_HEADER = YES;
				CLANG_WARN_RANGE_LOOP_ANALYSIS = YES;
				CLANG_WARN_STRICT_PROTOTYPES = YES;
				CLANG_WARN_SUSPICIOUS_MOVE = YES;
				CLANG_WARN_UNGUARDED_AVAILABILITY = YES_AGGRESSIVE;
				CLANG_WARN_UNREACHABLE_CODE = YES;
				CLANG_WARN__DUPLICATE_METHOD_MATCH = YES;
				COPY_PHASE_STRIP = NO;
				DEBUG_INFORMATION_FORMAT = "dwarf-with-dsym";
				ENABLE_NS_ASSERTIONS = NO;
				ENABLE_STRICT_OBJC_MSGSEND = YES;
				GCC_C_LANGUAGE_STANDARD = gnu11;
				GCC_NO_COMMON_BLOCKS = YES;
				GCC_WARN_64_TO_32_BIT_CONVERSION = YES;
				GCC_WARN_ABOUT_RETURN_TYPE = YES_ERROR;
				GCC_WARN_UNDECLARED_SELECTOR = YES;
				GCC_WARN_UNINITIALIZED_AUTOS = YES_AGGRESSIVE;
				GCC_WARN_UNUSED_FUNCTION = YES;
				GCC_WARN_UNUSED_VARIABLE = YES;
				IPHONEOS_DEPLOYMENT_TARGET = 15.5;
				MTL_ENABLE_DEBUG_INFO = NO;
				MTL_FAST_MATH = YES;
				SDKROOT = iphoneos;
				SWIFT_COMPILATION_MODE = wholemodule;
				SWIFT_OPTIMIZATION_LEVEL = "-O";
				VALIDATE_PRODUCT = YES;
			};
			name = Release;
		};
		A1B0093A288C516C006FD7A6 /* Debug */ = {
			isa = XCBuildConfiguration;
			buildSettings = {
				ASSETCATALOG_COMPILER_APPICON_NAME = AppIcon;
				ASSETCATALOG_COMPILER_GLOBAL_ACCENT_COLOR_NAME = AccentColor;
				CODE_SIGN_STYLE = Automatic;
				CURRENT_PROJECT_VERSION = 1;
				DEVELOPMENT_ASSET_PATHS = "\"Attendance/Preview Content\"";
				DEVELOPMENT_TEAM = YUH8WT596Y;
				ENABLE_PREVIEWS = YES;
				GENERATE_INFOPLIST_FILE = YES;
				INFOPLIST_KEY_UIApplicationSceneManifest_Generation = YES;
				INFOPLIST_KEY_UIApplicationSupportsIndirectInputEvents = YES;
				INFOPLIST_KEY_UILaunchScreen_Generation = YES;
				INFOPLIST_KEY_UISupportedInterfaceOrientations_iPad = "UIInterfaceOrientationPortrait UIInterfaceOrientationPortraitUpsideDown UIInterfaceOrientationLandscapeLeft UIInterfaceOrientationLandscapeRight";
				INFOPLIST_KEY_UISupportedInterfaceOrientations_iPhone = "UIInterfaceOrientationPortrait UIInterfaceOrientationLandscapeLeft UIInterfaceOrientationLandscapeRight";
				LD_RUNPATH_SEARCH_PATHS = (
					"$(inherited)",
					"@executable_path/Frameworks",
				);
				MARKETING_VERSION = 1.0;
				PRODUCT_BUNDLE_IDENTIFIER = sample.Attendance;
				PRODUCT_NAME = "$(TARGET_NAME)";
				SWIFT_EMIT_LOC_STRINGS = YES;
				SWIFT_VERSION = 5.0;
				TARGETED_DEVICE_FAMILY = "1,2";
			};
			name = Debug;
		};
		A1B0093B288C516C006FD7A6 /* Release */ = {
			isa = XCBuildConfiguration;
			buildSettings = {
				ASSETCATALOG_COMPILER_APPICON_NAME = AppIcon;
				ASSETCATALOG_COMPILER_GLOBAL_ACCENT_COLOR_NAME = AccentColor;
				CODE_SIGN_STYLE = Automatic;
				CURRENT_PROJECT_VERSION = 1;
				DEVELOPMENT_ASSET_PATHS = "\"Attendance/Preview Content\"";
				DEVELOPMENT_TEAM = YUH8WT596Y;
				ENABLE_PREVIEWS = YES;
				GENERATE_INFOPLIST_FILE = YES;
				INFOPLIST_KEY_UIApplicationSceneManifest_Generation = YES;
				INFOPLIST_KEY_UIApplicationSupportsIndirectInputEvents = YES;
				INFOPLIST_KEY_UILaunchScreen_Generation = YES;
				INFOPLIST_KEY_UISupportedInterfaceOrientations_iPad = "UIInterfaceOrientationPortrait UIInterfaceOrientationPortraitUpsideDown UIInterfaceOrientationLandscapeLeft UIInterfaceOrientationLandscapeRight";
				INFOPLIST_KEY_UISupportedInterfaceOrientations_iPhone = "UIInterfaceOrientationPortrait UIInterfaceOrientationLandscapeLeft UIInterfaceOrientationLandscapeRight";
				LD_RUNPATH_SEARCH_PATHS = (
					"$(inherited)",
					"@executable_path/Frameworks",
				);
				MARKETING_VERSION = 1.0;
				PRODUCT_BUNDLE_IDENTIFIER = sample.Attendance;
				PRODUCT_NAME = "$(TARGET_NAME)";
				SWIFT_EMIT_LOC_STRINGS = YES;
				SWIFT_VERSION = 5.0;
				TARGETED_DEVICE_FAMILY = "1,2";
			};
			name = Release;
		};
		A1B00950288C5589006FD7A6 /* Debug */ = {
			isa = XCBuildConfiguration;
			buildSettings = {
				BUNDLE_LOADER = "$(TEST_HOST)";
				CODE_SIGN_STYLE = Automatic;
				CURRENT_PROJECT_VERSION = 1;
				DEVELOPMENT_TEAM = YUH8WT596Y;
				GENERATE_INFOPLIST_FILE = YES;
				MARKETING_VERSION = 1.0;
				PRODUCT_BUNDLE_IDENTIFIER = sample.AttendanceTests;
				PRODUCT_NAME = "$(TARGET_NAME)";
				SWIFT_EMIT_LOC_STRINGS = NO;
				SWIFT_VERSION = 5.0;
				TARGETED_DEVICE_FAMILY = "1,2";
				TEST_HOST = "$(BUILT_PRODUCTS_DIR)/Attendance.app/Attendance";
			};
			name = Debug;
		};
		A1B00951288C5589006FD7A6 /* Release */ = {
			isa = XCBuildConfiguration;
			buildSettings = {
				BUNDLE_LOADER = "$(TEST_HOST)";
				CODE_SIGN_STYLE = Automatic;
				CURRENT_PROJECT_VERSION = 1;
				DEVELOPMENT_TEAM = YUH8WT596Y;
				GENERATE_INFOPLIST_FILE = YES;
				MARKETING_VERSION = 1.0;
				PRODUCT_BUNDLE_IDENTIFIER = sample.AttendanceTests;
				PRODUCT_NAME = "$(TARGET_NAME)";
				SWIFT_EMIT_LOC_STRINGS = NO;
				SWIFT_VERSION = 5.0;
				TARGETED_DEVICE_FAMILY = "1,2";
				TEST_HOST = "$(BUILT_PRODUCTS_DIR)/Attendance.app/Attendance";
			};
			name = Release;
		};
/* End XCBuildConfiguration section */

/* Begin XCConfigurationList section */
		A1B00921288C516B006FD7A6 /* Build configuration list for PBXProject "Attendance" */ = {
			isa = XCConfigurationList;
			buildConfigurations = (
				A1B00937288C516C006FD7A6 /* Debug */,
				A1B00938288C516C006FD7A6 /* Release */,
			);
			defaultConfigurationIsVisible = 0;
			defaultConfigurationName = Release;
		};
		A1B00939288C516C006FD7A6 /* Build configuration list for PBXNativeTarget "Attendance" */ = {
			isa = XCConfigurationList;
			buildConfigurations = (
				A1B0093A288C516C006FD7A6 /* Debug */,
				A1B0093B288C516C006FD7A6 /* Release */,
			);
			defaultConfigurationIsVisible = 0;
			defaultConfigurationName = Release;
		};
		A1B0094F288C5589006FD7A6 /* Build configuration list for PBXNativeTarget "AttendanceTests" */ = {
			isa = XCConfigurationList;
			buildConfigurations = (
				A1B00950288C5589006FD7A6 /* Debug */,
				A1B00951288C5589006FD7A6 /* Release */,
			);
			defaultConfigurationIsVisible = 0;
			defaultConfigurationName = Release;
		};
/* End XCConfigurationList section */

/* Begin XCVersionGroup section */
		A1B00934288C516C006FD7A6 /* Attendance.xcdatamodeld */ = {
			isa = XCVersionGroup;
			children = (
				A1B00935288C516C006FD7A6 /* Attendance.xcdatamodel */,
			);
			currentVersion = A1B00935288C516C006FD7A6 /* Attendance.xcdatamodel */;
			path = Attendance.xcdatamodeld;
			sourceTree = "<group>";
			versionGroupType = wrapper.xcdatamodel;
		};
/* End XCVersionGroup section */
	};
	rootObject = A1B0091E288C516B006FD7A6 /* Project object */;
}
